
Microsoft Visual Studio Solution File, Format Version 12.00
# Visual Studio Version 17
VisualStudioVersion = 17.11.35303.130
MinimumVisualStudioVersion = 10.0.40219.1
Project("{FAE04EC0-301F-11D3-BF4B-00C04F79EFBC}") = "WFA20240917", "WFA20240917.csproj", "{FEEA8CFD-E807-4187-A84F-75CE7B25F56D}"
EndProject
Global
	GlobalSection(SolutionConfigurationPlatforms) = preSolution
		Debug|Any CPU = Debug|Any CPU
		Release|Any CPU = Release|Any CPU
	EndGlobalSection
	GlobalSection(ProjectConfigurationPlatforms) = postSolution
		{FEEA8CFD-E807-4187-A84F-75CE7B25F56D}.Debug|Any CPU.ActiveCfg = Debug|Any CPU
		{FEEA8CFD-E807-4187-A84F-75CE7B25F56D}.Debug|Any CPU.Build.0 = Debug|Any CPU
		{FEEA8CFD-E807-4187-A84F-75CE7B25F56D}.Release|Any CPU.ActiveCfg = Release|Any CPU
		{FEEA8CFD-E807-4187-A84F-75CE7B25F56D}.Release|Any CPU.Build.0 = Release|Any CPU
	EndGlobalSection
	GlobalSection(SolutionProperties) = preSolution
		HideSolutionNode = FALSE
	EndGlobalSection
	GlobalSection(ExtensibilityGlobals) = postSolution
		SolutionGuid = {8E0D773F-DE6C-4BA4-8A6B-2089B464256D}
	EndGlobalSection
EndGlobal
